
Microsoft Visual Studio Solution File, Format Version 12.00
# Visual Studio 15
VisualStudioVersion = 15.0.26124.0
MinimumVisualStudioVersion = 15.0.26124.0
Project("{2150E333-8FDC-42A3-9474-1A3956D46DE8}") = "src", "src", "{BE44CECE-E250-4AA3-B888-ABD1ADD5392A}"
EndProject
Project("{6EC3EE1D-3C4E-46DD-8F32-0CC8E7565705}") = "libvenmo", "src\libvenmo\libvenmo.fsproj", "{902866B5-CAB9-4A76-B098-DA396A6C8680}"
EndProject
Project("{6EC3EE1D-3C4E-46DD-8F32-0CC8E7565705}") = "libvenmo.creator", "src\libvenmo.creator\libvenmo.creator.fsproj", "{0B9BF141-B473-4DAC-B1F4-67E7BA62DB29}"
EndProject
Project("{6EC3EE1D-3C4E-46DD-8F32-0CC8E7565705}") = "venmo.creator", "src\venmo.creator\venmo.creator.fsproj", "{5CCC7779-7F4E-479A-8D7E-BC2349126BA2}"
EndProject
Project("{6EC3EE1D-3C4E-46DD-8F32-0CC8E7565705}") = "libvenmo.cellyverifier", "src\libvenmo.cellyverifier\libvenmo.cellyverifier.fsproj", "{C7C1F350-A4C2-4385-9510-7E9430D98F1D}"
EndProject
Project("{6EC3EE1D-3C4E-46DD-8F32-0CC8E7565705}") = "venmo.cellyverifier", "src\venmo.cellyverifier\venmo.cellyverifier.fsproj", "{C2FA7040-30C9-40F8-A7AF-87E245DA86D8}"
EndProject
Project("{6EC3EE1D-3C4E-46DD-8F32-0CC8E7565705}") = "libnhk", "..\libnhk\src\libnhk\libnhk.fsproj", "{266D390C-C9B5-439F-A009-12CA837C7F06}"
EndProject
Project("{6EC3EE1D-3C4E-46DD-8F32-0CC8E7565705}") = "libnhk.wpf", "..\libnhk\src\libnhk.wpf\libnhk.wpf.fsproj", "{C34F698B-275E-40D0-A3A8-31E15E9DFECC}"
EndProject
Global
	GlobalSection(SolutionConfigurationPlatforms) = preSolution
		Debug|Any CPU = Debug|Any CPU
		Debug|x64 = Debug|x64
		Debug|x86 = Debug|x86
		Release|Any CPU = Release|Any CPU
		Release|x64 = Release|x64
		Release|x86 = Release|x86
	EndGlobalSection
	GlobalSection(ProjectConfigurationPlatforms) = postSolution
		{902866B5-CAB9-4A76-B098-DA396A6C8680}.Debug|Any CPU.ActiveCfg = Debug|Any CPU
		{902866B5-CAB9-4A76-B098-DA396A6C8680}.Debug|Any CPU.Build.0 = Debug|Any CPU
		{902866B5-CAB9-4A76-B098-DA396A6C8680}.Debug|x64.ActiveCfg = Debug|Any CPU
		{902866B5-CAB9-4A76-B098-DA396A6C8680}.Debug|x64.Build.0 = Debug|Any CPU
		{902866B5-CAB9-4A76-B098-DA396A6C8680}.Debug|x86.ActiveCfg = Debug|Any CPU
		{902866B5-CAB9-4A76-B098-DA396A6C8680}.Debug|x86.Build.0 = Debug|Any CPU
		{902866B5-CAB9-4A76-B098-DA396A6C8680}.Release|Any CPU.ActiveCfg = Release|Any CPU
		{902866B5-CAB9-4A76-B098-DA396A6C8680}.Release|Any CPU.Build.0 = Release|Any CPU
		{902866B5-CAB9-4A76-B098-DA396A6C8680}.Release|x64.ActiveCfg = Release|Any CPU
		{902866B5-CAB9-4A76-B098-DA396A6C8680}.Release|x64.Build.0 = Release|Any CPU
		{902866B5-CAB9-4A76-B098-DA396A6C8680}.Release|x86.ActiveCfg = Release|Any CPU
		{902866B5-CAB9-4A76-B098-DA396A6C8680}.Release|x86.Build.0 = Release|Any CPU
		{0B9BF141-B473-4DAC-B1F4-67E7BA62DB29}.Debug|Any CPU.ActiveCfg = Debug|Any CPU
		{0B9BF141-B473-4DAC-B1F4-67E7BA62DB29}.Debug|Any CPU.Build.0 = Debug|Any CPU
		{0B9BF141-B473-4DAC-B1F4-67E7BA62DB29}.Debug|x64.ActiveCfg = Debug|Any CPU
		{0B9BF141-B473-4DAC-B1F4-67E7BA62DB29}.Debug|x64.Build.0 = Debug|Any CPU
		{0B9BF141-B473-4DAC-B1F4-67E7BA62DB29}.Debug|x86.ActiveCfg = Debug|Any CPU
		{0B9BF141-B473-4DAC-B1F4-67E7BA62DB29}.Debug|x86.Build.0 = Debug|Any CPU
		{0B9BF141-B473-4DAC-B1F4-67E7BA62DB29}.Release|Any CPU.ActiveCfg = Release|Any CPU
		{0B9BF141-B473-4DAC-B1F4-67E7BA62DB29}.Release|Any CPU.Build.0 = Release|Any CPU
		{0B9BF141-B473-4DAC-B1F4-67E7BA62DB29}.Release|x64.ActiveCfg = Release|Any CPU
		{0B9BF141-B473-4DAC-B1F4-67E7BA62DB29}.Release|x64.Build.0 = Release|Any CPU
		{0B9BF141-B473-4DAC-B1F4-67E7BA62DB29}.Release|x86.ActiveCfg = Release|Any CPU
		{0B9BF141-B473-4DAC-B1F4-67E7BA62DB29}.Release|x86.Build.0 = Release|Any CPU
		{5CCC7779-7F4E-479A-8D7E-BC2349126BA2}.Debug|Any CPU.ActiveCfg = Debug|Any CPU
		{5CCC7779-7F4E-479A-8D7E-BC2349126BA2}.Debug|Any CPU.Build.0 = Debug|Any CPU
		{5CCC7779-7F4E-479A-8D7E-BC2349126BA2}.Debug|x64.ActiveCfg = Debug|Any CPU
		{5CCC7779-7F4E-479A-8D7E-BC2349126BA2}.Debug|x64.Build.0 = Debug|Any CPU
		{5CCC7779-7F4E-479A-8D7E-BC2349126BA2}.Debug|x86.ActiveCfg = Debug|Any CPU
		{5CCC7779-7F4E-479A-8D7E-BC2349126BA2}.Debug|x86.Build.0 = Debug|Any CPU
		{5CCC7779-7F4E-479A-8D7E-BC2349126BA2}.Release|Any CPU.ActiveCfg = Release|Any CPU
		{5CCC7779-7F4E-479A-8D7E-BC2349126BA2}.Release|Any CPU.Build.0 = Release|Any CPU
		{5CCC7779-7F4E-479A-8D7E-BC2349126BA2}.Release|x64.ActiveCfg = Release|Any CPU
		{5CCC7779-7F4E-479A-8D7E-BC2349126BA2}.Release|x64.Build.0 = Release|Any CPU
		{5CCC7779-7F4E-479A-8D7E-BC2349126BA2}.Release|x86.ActiveCfg = Release|Any CPU
		{5CCC7779-7F4E-479A-8D7E-BC2349126BA2}.Release|x86.Build.0 = Release|Any CPU
		{C7C1F350-A4C2-4385-9510-7E9430D98F1D}.Debug|Any CPU.ActiveCfg = Debug|Any CPU
		{C7C1F350-A4C2-4385-9510-7E9430D98F1D}.Debug|Any CPU.Build.0 = Debug|Any CPU
		{C7C1F350-A4C2-4385-9510-7E9430D98F1D}.Debug|x64.ActiveCfg = Debug|Any CPU
		{C7C1F350-A4C2-4385-9510-7E9430D98F1D}.Debug|x64.Build.0 = Debug|Any CPU
		{C7C1F350-A4C2-4385-9510-7E9430D98F1D}.Debug|x86.ActiveCfg = Debug|Any CPU
		{C7C1F350-A4C2-4385-9510-7E9430D98F1D}.Debug|x86.Build.0 = Debug|Any CPU
		{C7C1F350-A4C2-4385-9510-7E9430D98F1D}.Release|Any CPU.ActiveCfg = Release|Any CPU
		{C7C1F350-A4C2-4385-9510-7E9430D98F1D}.Release|Any CPU.Build.0 = Release|Any CPU
		{C7C1F350-A4C2-4385-9510-7E9430D98F1D}.Release|x64.ActiveCfg = Release|Any CPU
		{C7C1F350-A4C2-4385-9510-7E9430D98F1D}.Release|x64.Build.0 = Release|Any CPU
		{C7C1F350-A4C2-4385-9510-7E9430D98F1D}.Release|x86.ActiveCfg = Release|Any CPU
		{C7C1F350-A4C2-4385-9510-7E9430D98F1D}.Release|x86.Build.0 = Release|Any CPU
		{C2FA7040-30C9-40F8-A7AF-87E245DA86D8}.Debug|Any CPU.ActiveCfg = Debug|Any CPU
		{C2FA7040-30C9-40F8-A7AF-87E245DA86D8}.Debug|Any CPU.Build.0 = Debug|Any CPU
		{C2FA7040-30C9-40F8-A7AF-87E245DA86D8}.Debug|x64.ActiveCfg = Debug|Any CPU
		{C2FA7040-30C9-40F8-A7AF-87E245DA86D8}.Debug|x64.Build.0 = Debug|Any CPU
		{C2FA7040-30C9-40F8-A7AF-87E245DA86D8}.Debug|x86.ActiveCfg = Debug|Any CPU
		{C2FA7040-30C9-40F8-A7AF-87E245DA86D8}.Debug|x86.Build.0 = Debug|Any CPU
		{C2FA7040-30C9-40F8-A7AF-87E245DA86D8}.Release|Any CPU.ActiveCfg = Release|Any CPU
		{C2FA7040-30C9-40F8-A7AF-87E245DA86D8}.Release|Any CPU.Build.0 = Release|Any CPU
		{C2FA7040-30C9-40F8-A7AF-87E245DA86D8}.Release|x64.ActiveCfg = Release|Any CPU
		{C2FA7040-30C9-40F8-A7AF-87E245DA86D8}.Release|x64.Build.0 = Release|Any CPU
		{C2FA7040-30C9-40F8-A7AF-87E245DA86D8}.Release|x86.ActiveCfg = Release|Any CPU
		{C2FA7040-30C9-40F8-A7AF-87E245DA86D8}.Release|x86.Build.0 = Release|Any CPU
		{266D390C-C9B5-439F-A009-12CA837C7F06}.Debug|Any CPU.ActiveCfg = Debug|Any CPU
		{266D390C-C9B5-439F-A009-12CA837C7F06}.Debug|Any CPU.Build.0 = Debug|Any CPU
		{266D390C-C9B5-439F-A009-12CA837C7F06}.Debug|x64.ActiveCfg = Debug|Any CPU
		{266D390C-C9B5-439F-A009-12CA837C7F06}.Debug|x64.Build.0 = Debug|Any CPU
		{266D390C-C9B5-439F-A009-12CA837C7F06}.Debug|x86.ActiveCfg = Debug|Any CPU
		{266D390C-C9B5-439F-A009-12CA837C7F06}.Debug|x86.Build.0 = Debug|Any CPU
		{266D390C-C9B5-439F-A009-12CA837C7F06}.Release|Any CPU.ActiveCfg = Release|Any CPU
		{266D390C-C9B5-439F-A009-12CA837C7F06}.Release|Any CPU.Build.0 = Release|Any CPU
		{266D390C-C9B5-439F-A009-12CA837C7F06}.Release|x64.ActiveCfg = Release|Any CPU
		{266D390C-C9B5-439F-A009-12CA837C7F06}.Release|x64.Build.0 = Release|Any CPU
		{266D390C-C9B5-439F-A009-12CA837C7F06}.Release|x86.ActiveCfg = Release|Any CPU
		{266D390C-C9B5-439F-A009-12CA837C7F06}.Release|x86.Build.0 = Release|Any CPU
		{C34F698B-275E-40D0-A3A8-31E15E9DFECC}.Debug|Any CPU.ActiveCfg = Debug|Any CPU
		{C34F698B-275E-40D0-A3A8-31E15E9DFECC}.Debug|Any CPU.Build.0 = Debug|Any CPU
		{C34F698B-275E-40D0-A3A8-31E15E9DFECC}.Debug|x64.ActiveCfg = Debug|Any CPU
		{C34F698B-275E-40D0-A3A8-31E15E9DFECC}.Debug|x64.Build.0 = Debug|Any CPU
		{C34F698B-275E-40D0-A3A8-31E15E9DFECC}.Debug|x86.ActiveCfg = Debug|Any CPU
		{C34F698B-275E-40D0-A3A8-31E15E9DFECC}.Debug|x86.Build.0 = Debug|Any CPU
		{C34F698B-275E-40D0-A3A8-31E15E9DFECC}.Release|Any CPU.ActiveCfg = Release|Any CPU
		{C34F698B-275E-40D0-A3A8-31E15E9DFECC}.Release|Any CPU.Build.0 = Release|Any CPU
		{C34F698B-275E-40D0-A3A8-31E15E9DFECC}.Release|x64.ActiveCfg = Release|Any CPU
		{C34F698B-275E-40D0-A3A8-31E15E9DFECC}.Release|x64.Build.0 = Release|Any CPU
		{C34F698B-275E-40D0-A3A8-31E15E9DFECC}.Release|x86.ActiveCfg = Release|Any CPU
		{C34F698B-275E-40D0-A3A8-31E15E9DFECC}.Release|x86.Build.0 = Release|Any CPU
	EndGlobalSection
	GlobalSection(SolutionProperties) = preSolution
		HideSolutionNode = FALSE
	EndGlobalSection
	GlobalSection(NestedProjects) = preSolution
		{902866B5-CAB9-4A76-B098-DA396A6C8680} = {BE44CECE-E250-4AA3-B888-ABD1ADD5392A}
		{0B9BF141-B473-4DAC-B1F4-67E7BA62DB29} = {BE44CECE-E250-4AA3-B888-ABD1ADD5392A}
		{5CCC7779-7F4E-479A-8D7E-BC2349126BA2} = {BE44CECE-E250-4AA3-B888-ABD1ADD5392A}
		{C7C1F350-A4C2-4385-9510-7E9430D98F1D} = {BE44CECE-E250-4AA3-B888-ABD1ADD5392A}
		{C2FA7040-30C9-40F8-A7AF-87E245DA86D8} = {BE44CECE-E250-4AA3-B888-ABD1ADD5392A}
		{266D390C-C9B5-439F-A009-12CA837C7F06} = {BE44CECE-E250-4AA3-B888-ABD1ADD5392A}
		{C34F698B-275E-40D0-A3A8-31E15E9DFECC} = {BE44CECE-E250-4AA3-B888-ABD1ADD5392A}
	EndGlobalSection
	GlobalSection(ExtensibilityGlobals) = postSolution
		SolutionGuid = {CF7541C3-FB97-4DE8-B3E4-AB7EF6782BF7}
	EndGlobalSection
EndGlobal
